
Microsoft Visual Studio Solution File, Format Version 12.00
# Visual Studio Version 17
VisualStudioVersion = 17.5.002.0
MinimumVisualStudioVersion = 10.0.40219.1
Project("{9A19103F-16F7-4668-BE54-9A1E7A4F7556}") = "DesafioFundamentos", "DesafioFundamentos.csproj", "{46EA6112-BB43-4836-AF10-34FBA6282218}"
EndProject
Global
	GlobalSection(SolutionConfigurationPlatforms) = preSolution
		Debug|Any CPU = Debug|Any CPU
		Release|Any CPU = Release|Any CPU
	EndGlobalSection
	GlobalSection(ProjectConfigurationPlatforms) = postSolution
		{46EA6112-BB43-4836-AF10-34FBA6282218}.Debug|Any CPU.ActiveCfg = Debug|Any CPU
		{46EA6112-BB43-4836-AF10-34FBA6282218}.Debug|Any CPU.Build.0 = Debug|Any CPU
		{46EA6112-BB43-4836-AF10-34FBA6282218}.Release|Any CPU.ActiveCfg = Release|Any CPU
		{46EA6112-BB43-4836-AF10-34FBA6282218}.Release|Any CPU.Build.0 = Release|Any CPU
	EndGlobalSection
	GlobalSection(SolutionProperties) = preSolution
		HideSolutionNode = FALSE
	EndGlobalSection
	GlobalSection(ExtensibilityGlobals) = postSolution
		SolutionGuid = {86AE7F0B-A4BF-4147-9D0A-6D3B682A0D51}
	EndGlobalSection
EndGlobal
